Microsoft Visual Studio Solution File, Format Version 12.00
# Visual Studio 2012
Project("{FAE04EC0-301F-11D3-BF4B-00C04F79EFBC}") = "Fragile Game", "Fragile Game.csproj", "{FD8F207A-1559-44E5-B9D1-423C647D43FF}"
EndProject
Global
	GlobalSection(SolutionConfigurationPlatforms) = preSolution
	Debug|Any CPU = Debug|Any CPU
	ExportDebug|Any CPU = ExportDebug|Any CPU
	ExportRelease|Any CPU = ExportRelease|Any CPU
	EndGlobalSection
	GlobalSection(ProjectConfigurationPlatforms) = postSolution
		{FD8F207A-1559-44E5-B9D1-423C647D43FF}.Debug|Any CPU.ActiveCfg = Debug|Any CPU
		{FD8F207A-1559-44E5-B9D1-423C647D43FF}.Debug|Any CPU.Build.0 = Debug|Any CPU
		{FD8F207A-1559-44E5-B9D1-423C647D43FF}.ExportDebug|Any CPU.ActiveCfg = ExportDebug|Any CPU
		{FD8F207A-1559-44E5-B9D1-423C647D43FF}.ExportDebug|Any CPU.Build.0 = ExportDebug|Any CPU
		{FD8F207A-1559-44E5-B9D1-423C647D43FF}.ExportRelease|Any CPU.ActiveCfg = ExportRelease|Any CPU
		{FD8F207A-1559-44E5-B9D1-423C647D43FF}.ExportRelease|Any CPU.Build.0 = ExportRelease|Any CPU
	EndGlobalSection
EndGlobal
